// !$*UTF8*$!
{
	archiveVersion = 1;
	classes = {
	};
	objectVersion = 46;
	objects = {

/* Begin PBXBuildFile section */
		3945E8A0CE9444E6D1A56692 /* Pods_CNode.framework in Frameworks */ = {isa = PBXBuildFile; fileRef = 295A1B3986DA02707A6CFB09 /* Pods_CNode.framework */; };
		B52E0E8E8A9A9512E432C4E6 /* Pods_CNodeTests.framework in Frameworks */ = {isa = PBXBuildFile; fileRef = 3F7AB1A3FE1D9B9FD1E0E7C9 /* Pods_CNodeTests.framework */; };
		E5B0920157FD696B678102C3 /* Pods_CNodeUITests.framework in Frameworks */ = {isa = PBXBuildFile; fileRef = 3B7782D7103EB8D4A1B2C09A /* Pods_CNodeUITests.framework */; };
		FD7452D21E954399000B093E /* AppDelegate.swift in Sources */ = {isa = PBXBuildFile; fileRef = FD7452D11E954399000B093E /* AppDelegate.swift */; };
		FD7452D41E954399000B093E /* MainViewController.swift in Sources */ = {isa = PBXBuildFile; fileRef = FD7452D31E954399000B093E /* MainViewController.swift */; };
		FD7452D71E954399000B093E /* MainView.storyboard in Resources */ = {isa = PBXBuildFile; fileRef = FD7452D51E954399000B093E /* MainView.storyboard */; };
		FD7452D91E954399000B093E /* Assets.xcassets in Resources */ = {isa = PBXBuildFile; fileRef = FD7452D81E954399000B093E /* Assets.xcassets */; };
		FD7452DC1E954399000B093E /* LaunchScreen.storyboard in Resources */ = {isa = PBXBuildFile; fileRef = FD7452DA1E954399000B093E /* LaunchScreen.storyboard */; };
		FD7452E71E954399000B093E /* CNodeTests.swift in Sources */ = {isa = PBXBuildFile; fileRef = FD7452E61E954399000B093E /* CNodeTests.swift */; };
		FD7452F21E954399000B093E /* CNodeUITests.swift in Sources */ = {isa = PBXBuildFile; fileRef = FD7452F11E954399000B093E /* CNodeUITests.swift */; };
		FD7454161E9667B8000B093E /* ArticleShort.swift in Sources */ = {isa = PBXBuildFile; fileRef = FD7454151E9667B8000B093E /* ArticleShort.swift */; };
		FD74541A1E96920B000B093E /* MainNavigationViewController.swift in Sources */ = {isa = PBXBuildFile; fileRef = FD7454191E96920B000B093E /* MainNavigationViewController.swift */; };
		FD74541C1E969530000B093E /* MainTableViewController.swift in Sources */ = {isa = PBXBuildFile; fileRef = FD74541B1E969530000B093E /* MainTableViewController.swift */; };
/* End PBXBuildFile section */

/* Begin PBXContainerItemProxy section */
		FD7452E31E954399000B093E /* PBXContainerItemProxy */ = {
			isa = PBXContainerItemProxy;
			containerPortal = FD7452C61E954399000B093E /* Project object */;
			proxyType = 1;
			remoteGlobalIDString = FD7452CD1E954399000B093E;
			remoteInfo = CNode;
		};
		FD7452EE1E954399000B093E /* PBXContainerItemProxy */ = {
			isa = PBXContainerItemProxy;
			containerPortal = FD7452C61E954399000B093E /* Project object */;
			proxyType = 1;
			remoteGlobalIDString = FD7452CD1E954399000B093E;
			remoteInfo = CNode;
		};
/* End PBXContainerItemProxy section */

/* Begin PBXFileReference section */
		1F7DA915F86FA85CEAD87186 /* Pods-CNodeUITests.release.xcconfig */ = {isa = PBXFileReference; includeInIndex = 1; lastKnownFileType = text.xcconfig; name = "Pods-CNodeUITests.release.xcconfig"; path = "Pods/Target Support Files/Pods-CNodeUITests/Pods-CNodeUITests.release.xcconfig"; sourceTree = "<group>"; };
		257A4A2713CAFF3729B574DE /* Pods-CNodeUITests.debug.xcconfig */ = {isa = PBXFileReference; includeInIndex = 1; lastKnownFileType = text.xcconfig; name = "Pods-CNodeUITests.debug.xcconfig"; path = "Pods/Target Support Files/Pods-CNodeUITests/Pods-CNodeUITests.debug.xcconfig"; sourceTree = "<group>"; };
		295A1B3986DA02707A6CFB09 /* Pods_CNode.framework */ = {isa = PBXFileReference; explicitFileType = wrapper.framework; includeInIndex = 0; path = Pods_CNode.framework; sourceTree = BUILT_PRODUCTS_DIR; };
		3B7782D7103EB8D4A1B2C09A /* Pods_CNodeUITests.framework */ = {isa = PBXFileReference; explicitFileType = wrapper.framework; includeInIndex = 0; path = Pods_CNodeUITests.framework; sourceTree = BUILT_PRODUCTS_DIR; };
		3F7AB1A3FE1D9B9FD1E0E7C9 /* Pods_CNodeTests.framework */ = {isa = PBXFileReference; explicitFileType = wrapper.framework; includeInIndex = 0; path = Pods_CNodeTests.framework; sourceTree = BUILT_PRODUCTS_DIR; };
		4AFA97FF5DFA5F39E9D77B90 /* Pods-CNode.debug.xcconfig */ = {isa = PBXFileReference; includeInIndex = 1; lastKnownFileType = text.xcconfig; name = "Pods-CNode.debug.xcconfig"; path = "Pods/Target Support Files/Pods-CNode/Pods-CNode.debug.xcconfig"; sourceTree = "<group>"; };
		9FC62496BCEF09C19432B972 /* Pods-CNodeTests.debug.xcconfig */ = {isa = PBXFileReference; includeInIndex = 1; lastKnownFileType = text.xcconfig; name = "Pods-CNodeTests.debug.xcconfig"; path = "Pods/Target Support Files/Pods-CNodeTests/Pods-CNodeTests.debug.xcconfig"; sourceTree = "<group>"; };
		B71A496FBF67D2D63E7EB1B2 /* Pods-CNodeTests.release.xcconfig */ = {isa = PBXFileReference; includeInIndex = 1; lastKnownFileType = text.xcconfig; name = "Pods-CNodeTests.release.xcconfig"; path = "Pods/Target Support Files/Pods-CNodeTests/Pods-CNodeTests.release.xcconfig"; sourceTree = "<group>"; };
		CA5FEAF8CD4B4D7D74659D61 /* Pods-CNode.release.xcconfig */ = {isa = PBXFileReference; includeInIndex = 1; lastKnownFileType = text.xcconfig; name = "Pods-CNode.release.xcconfig"; path = "Pods/Target Support Files/Pods-CNode/Pods-CNode.release.xcconfig"; sourceTree = "<group>"; };
		FD7452CE1E954399000B093E /* CNode.app */ = {isa = PBXFileReference; explicitFileType = wrapper.application; includeInIndex = 0; path = CNode.app; sourceTree = BUILT_PRODUCTS_DIR; };
		FD7452D11E954399000B093E /* AppDelegate.swift */ = {isa = PBXFileReference; lastKnownFileType = sourcecode.swift; path = AppDelegate.swift; sourceTree = "<group>"; };
		FD7452D31E954399000B093E /* MainViewController.swift */ = {isa = PBXFileReference; lastKnownFileType = sourcecode.swift; path = MainViewController.swift; sourceTree = "<group>"; };
		FD7452D61E954399000B093E /* Base */ = {isa = PBXFileReference; lastKnownFileType = file.storyboard; name = Base; path = Base.lproj/MainView.storyboard; sourceTree = "<group>"; };
		FD7452D81E954399000B093E /* Assets.xcassets */ = {isa = PBXFileReference; lastKnownFileType = folder.assetcatalog; path = Assets.xcassets; sourceTree = "<group>"; };
		FD7452DB1E954399000B093E /* Base */ = {isa = PBXFileReference; lastKnownFileType = file.storyboard; name = Base; path = Base.lproj/LaunchScreen.storyboard; sourceTree = "<group>"; };
		FD7452DD1E954399000B093E /* Info.plist */ = {isa = PBXFileReference; lastKnownFileType = text.plist.xml; path = Info.plist; sourceTree = "<group>"; };
		FD7452E21E954399000B093E /* CNodeTests.xctest */ = {isa = PBXFileReference; explicitFileType = wrapper.cfbundle; includeInIndex = 0; path = CNodeTests.xctest; sourceTree = BUILT_PRODUCTS_DIR; };
		FD7452E61E954399000B093E /* CNodeTests.swift */ = {isa = PBXFileReference; lastKnownFileType = sourcecode.swift; path = CNodeTests.swift; sourceTree = "<group>"; };
		FD7452E81E954399000B093E /* Info.plist */ = {isa = PBXFileReference; lastKnownFileType = text.plist.xml; path = Info.plist; sourceTree = "<group>"; };
		FD7452ED1E954399000B093E /* CNodeUITests.xctest */ = {isa = PBXFileReference; explicitFileType = wrapper.cfbundle; includeInIndex = 0; path = CNodeUITests.xctest; sourceTree = BUILT_PRODUCTS_DIR; };
		FD7452F11E954399000B093E /* CNodeUITests.swift */ = {isa = PBXFileReference; lastKnownFileType = sourcecode.swift; path = CNodeUITests.swift; sourceTree = "<group>"; };
		FD7452F31E954399000B093E /* Info.plist */ = {isa = PBXFileReference; lastKnownFileType = text.plist.xml; path = Info.plist; sourceTree = "<group>"; };
		FD7454151E9667B8000B093E /* ArticleShort.swift */ = {isa = PBXFileReference; fileEncoding = 4; lastKnownFileType = sourcecode.swift; path = ArticleShort.swift; sourceTree = "<group>"; };
		FD7454191E96920B000B093E /* MainNavigationViewController.swift */ = {isa = PBXFileReference; fileEncoding = 4; lastKnownFileType = sourcecode.swift; path = MainNavigationViewController.swift; sourceTree = "<group>"; };
		FD74541B1E969530000B093E /* MainTableViewController.swift */ = {isa = PBXFileReference; fileEncoding = 4; lastKnownFileType = sourcecode.swift; path = MainTableViewController.swift; sourceTree = "<group>"; };
/* End PBXFileReference section */

/* Begin PBXFrameworksBuildPhase section */
		FD7452CB1E954399000B093E /* Frameworks */ = {
			isa = PBXFrameworksBuildPhase;
			buildActionMask = 2147483647;
			files = (
				3945E8A0CE9444E6D1A56692 /* Pods_CNode.framework in Frameworks */,
			);
			runOnlyForDeploymentPostprocessing = 0;
		};
		FD7452DF1E954399000B093E /* Frameworks */ = {
			isa = PBXFrameworksBuildPhase;
			buildActionMask = 2147483647;
			files = (
				B52E0E8E8A9A9512E432C4E6 /* Pods_CNodeTests.framework in Frameworks */,
			);
			runOnlyForDeploymentPostprocessing = 0;
		};
		FD7452EA1E954399000B093E /* Frameworks */ = {
			isa = PBXFrameworksBuildPhase;
			buildActionMask = 2147483647;
			files = (
				E5B0920157FD696B678102C3 /* Pods_CNodeUITests.framework in Frameworks */,
			);
			runOnlyForDeploymentPostprocessing = 0;
		};
/* End PBXFrameworksBuildPhase section */

/* Begin PBXGroup section */
		678A3E7752292EDD6200BB87 /* Frameworks */ = {
			isa = PBXGroup;
			children = (
				295A1B3986DA02707A6CFB09 /* Pods_CNode.framework */,
				3F7AB1A3FE1D9B9FD1E0E7C9 /* Pods_CNodeTests.framework */,
				3B7782D7103EB8D4A1B2C09A /* Pods_CNodeUITests.framework */,
			);
			name = Frameworks;
			sourceTree = "<group>";
		};
		91F52EDB8794D1ABFC0323FA /* Pods */ = {
			isa = PBXGroup;
			children = (
				4AFA97FF5DFA5F39E9D77B90 /* Pods-CNode.debug.xcconfig */,
				CA5FEAF8CD4B4D7D74659D61 /* Pods-CNode.release.xcconfig */,
				9FC62496BCEF09C19432B972 /* Pods-CNodeTests.debug.xcconfig */,
				B71A496FBF67D2D63E7EB1B2 /* Pods-CNodeTests.release.xcconfig */,
				257A4A2713CAFF3729B574DE /* Pods-CNodeUITests.debug.xcconfig */,
				1F7DA915F86FA85CEAD87186 /* Pods-CNodeUITests.release.xcconfig */,
			);
			name = Pods;
			sourceTree = "<group>";
		};
		FD7452C51E954399000B093E = {
			isa = PBXGroup;
			children = (
				FD7452D01E954399000B093E /* CNode */,
				FD7452E51E954399000B093E /* CNodeTests */,
				FD7452F01E954399000B093E /* CNodeUITests */,
				FD7452CF1E954399000B093E /* Products */,
				91F52EDB8794D1ABFC0323FA /* Pods */,
				678A3E7752292EDD6200BB87 /* Frameworks */,
			);
			sourceTree = "<group>";
		};
		FD7452CF1E954399000B093E /* Products */ = {
			isa = PBXGroup;
			children = (
				FD7452CE1E954399000B093E /* CNode.app */,
				FD7452E21E954399000B093E /* CNodeTests.xctest */,
				FD7452ED1E954399000B093E /* CNodeUITests.xctest */,
			);
			name = Products;
			sourceTree = "<group>";
		};
		FD7452D01E954399000B093E /* CNode */ = {
			isa = PBXGroup;
			children = (
				FD7454141E9658C1000B093E /* Models */,
				FD7453D91E95FCB9000B093E /* Controller */,
				FD7453D81E95FCA4000B093E /* Views */,
				FD7453D71E95FC96000B093E /* Assets */,
			);
			path = CNode;
			sourceTree = "<group>";
		};
		FD7452E51E954399000B093E /* CNodeTests */ = {
			isa = PBXGroup;
			children = (
				FD7452E61E954399000B093E /* CNodeTests.swift */,
				FD7452E81E954399000B093E /* Info.plist */,
			);
			path = CNodeTests;
			sourceTree = "<group>";
		};
		FD7452F01E954399000B093E /* CNodeUITests */ = {
			isa = PBXGroup;
			children = (
				FD7452F11E954399000B093E /* CNodeUITests.swift */,
				FD7452F31E954399000B093E /* Info.plist */,
			);
			path = CNodeUITests;
			sourceTree = "<group>";
		};
		FD7453D71E95FC96000B093E /* Assets */ = {
			isa = PBXGroup;
			children = (
				FD7452DD1E954399000B093E /* Info.plist */,
				FD7452D81E954399000B093E /* Assets.xcassets */,
			);
			name = Assets;
			sourceTree = "<group>";
		};
		FD7453D81E95FCA4000B093E /* Views */ = {
			isa = PBXGroup;
			children = (
				FD7452D51E954399000B093E /* MainView.storyboard */,
				FD7452D31E954399000B093E /* MainViewController.swift */,
				FD7452DA1E954399000B093E /* LaunchScreen.storyboard */,
				FD7454191E96920B000B093E /* MainNavigationViewController.swift */,
				FD74541B1E969530000B093E /* MainTableViewController.swift */,
			);
			name = Views;
			sourceTree = "<group>";
		};
		FD7453D91E95FCB9000B093E /* Controller */ = {
			isa = PBXGroup;
			children = (
				FD7452D11E954399000B093E /* AppDelegate.swift */,
			);
			name = Controller;
			sourceTree = "<group>";
		};
		FD7454141E9658C1000B093E /* Models */ = {
			isa = PBXGroup;
			children = (
				FD7454151E9667B8000B093E /* ArticleShort.swift */,
			);
			name = Models;
			sourceTree = "<group>";
		};
/* End PBXGroup section */

/* Begin PBXNativeTarget section */
		FD7452CD1E954399000B093E /* CNode */ = {
			isa = PBXNativeTarget;
			buildConfigurationList = FD7452F61E954399000B093E /* Build configuration list for PBXNativeTarget "CNode" */;
			buildPhases = (
				AE433521C3535990CB9FB835 /* [CP] Check Pods Manifest.lock */,
				FD7452CA1E954399000B093E /* Sources */,
				FD7452CB1E954399000B093E /* Frameworks */,
				FD7452CC1E954399000B093E /* Resources */,
				13E4E4225F6F92CDE771B88D /* [CP] Embed Pods Frameworks */,
				A1297A39B2D4B7AF6B96E676 /* [CP] Copy Pods Resources */,
			);
			buildRules = (
			);
			dependencies = (
			);
			name = CNode;
			productName = CNode;
			productReference = FD7452CE1E954399000B093E /* CNode.app */;
			productType = "com.apple.product-type.application";
		};
		FD7452E11E954399000B093E /* CNodeTests */ = {
			isa = PBXNativeTarget;
			buildConfigurationList = FD7452F91E954399000B093E /* Build configuration list for PBXNativeTarget "CNodeTests" */;
			buildPhases = (
				2600F9CA7E52214350B81688 /* [CP] Check Pods Manifest.lock */,
				FD7452DE1E954399000B093E /* Sources */,
				FD7452DF1E954399000B093E /* Frameworks */,
				FD7452E01E954399000B093E /* Resources */,
				6E7950C315F3C4926B0ABDB7 /* [CP] Embed Pods Frameworks */,
				591E143847C1840ACF4CA13E /* [CP] Copy Pods Resources */,
			);
			buildRules = (
			);
			dependencies = (
				FD7452E41E954399000B093E /* PBXTargetDependency */,
			);
			name = CNodeTests;
			productName = CNodeTests;
			productReference = FD7452E21E954399000B093E /* CNodeTests.xctest */;
			productType = "com.apple.product-type.bundle.unit-test";
		};
		FD7452EC1E954399000B093E /* CNodeUITests */ = {
			isa = PBXNativeTarget;
			buildConfigurationList = FD7452FC1E954399000B093E /* Build configuration list for PBXNativeTarget "CNodeUITests" */;
			buildPhases = (
				1007DE773840D85D92C53C5B /* [CP] Check Pods Manifest.lock */,
				FD7452E91E954399000B093E /* Sources */,
				FD7452EA1E954399000B093E /* Frameworks */,
				FD7452EB1E954399000B093E /* Resources */,
				E0AE39C322A489D9B1DB0FB8 /* [CP] Embed Pods Frameworks */,
				3F99622D65F045F73C6529E4 /* [CP] Copy Pods Resources */,
			);
			buildRules = (
			);
			dependencies = (
				FD7452EF1E954399000B093E /* PBXTargetDependency */,
			);
			name = CNodeUITests;
			productName = CNodeUITests;
			productReference = FD7452ED1E954399000B093E /* CNodeUITests.xctest */;
			productType = "com.apple.product-type.bundle.ui-testing";
		};
/* End PBXNativeTarget section */

/* Begin PBXProject section */
		FD7452C61E954399000B093E /* Project object */ = {
			isa = PBXProject;
			attributes = {
				LastSwiftUpdateCheck = 0830;
				LastUpgradeCheck = 0830;
				ORGANIZATIONNAME = fanhehe;
				TargetAttributes = {
					FD7452CD1E954399000B093E = {
						CreatedOnToolsVersion = 8.3;
						DevelopmentTeam = 7U457LB8E7;
						ProvisioningStyle = Automatic;
					};
					FD7452E11E954399000B093E = {
						CreatedOnToolsVersion = 8.3;
						DevelopmentTeam = 7U457LB8E7;
						ProvisioningStyle = Automatic;
						TestTargetID = FD7452CD1E954399000B093E;
					};
					FD7452EC1E954399000B093E = {
						CreatedOnToolsVersion = 8.3;
						DevelopmentTeam = 7U457LB8E7;
						ProvisioningStyle = Automatic;
						TestTargetID = FD7452CD1E954399000B093E;
					};
				};
			};
			buildConfigurationList = FD7452C91E954399000B093E /* Build configuration list for PBXProject "CNode" */;
			compatibilityVersion = "Xcode 3.2";
			developmentRegion = English;
			hasScannedForEncodings = 0;
			knownRegions = (
				en,
				Base,
			);
			mainGroup = FD7452C51E954399000B093E;
			productRefGroup = FD7452CF1E954399000B093E /* Products */;
			projectDirPath = "";
			projectRoot = "";
			targets = (
				FD7452CD1E954399000B093E /* CNode */,
				FD7452E11E954399000B093E /* CNodeTests */,
				FD7452EC1E954399000B093E /* CNodeUITests */,
			);
		};
/* End PBXProject section */

/* Begin PBXResourcesBuildPhase section */
		FD7452CC1E954399000B093E /* Resources */ = {
			isa = PBXResourcesBuildPhase;
			buildActionMask = 2147483647;
			files = (
				FD7452DC1E954399000B093E /* LaunchScreen.storyboard in Resources */,
				FD7452D91E954399000B093E /* Assets.xcassets in Resources */,
				FD7452D71E954399000B093E /* MainView.storyboard in Resources */,
			);
			runOnlyForDeploymentPostprocessing = 0;
		};
		FD7452E01E954399000B093E /* Resources */ = {
			isa = PBXResourcesBuildPhase;
			buildActionMask = 2147483647;
			files = (
			);
			runOnlyForDeploymentPostprocessing = 0;
		};
		FD7452EB1E954399000B093E /* Resources */ = {
			isa = PBXResourcesBuildPhase;
			buildActionMask = 2147483647;
			files = (
			);
			runOnlyForDeploymentPostprocessing = 0;
		};
/* End PBXResourcesBuildPhase section */

/* Begin PBXShellScriptBuildPhase section */
		1007DE773840D85D92C53C5B /* [CP] Check Pods Manifest.lock */ = {
			isa = PBXShellScriptBuildPhase;
			buildActionMask = 2147483647;
			files = (
			);
			inputPaths = (
			);
			name = "[CP] Check Pods Manifest.lock";
			outputPaths = (
			);
			runOnlyForDeploymentPostprocessing = 0;
			shellPath = /bin/sh;
			shellScript = "diff \"${PODS_ROOT}/../Podfile.lock\" \"${PODS_ROOT}/Manifest.lock\" > /dev/null\nif [ $? != 0 ] ; then\n    # print error to STDERR\n    echo \"error: The sandbox is not in sync with the Podfile.lock. Run 'pod install' or update your CocoaPods installation.\" >&2\n    exit 1\nfi\n";
			showEnvVarsInLog = 0;
		};
		13E4E4225F6F92CDE771B88D /* [CP] Embed Pods Frameworks */ = {
			isa = PBXShellScriptBuildPhase;
			buildActionMask = 2147483647;
			files = (
			);
			inputPaths = (
			);
			name = "[CP] Embed Pods Frameworks";
			outputPaths = (
			);
			runOnlyForDeploymentPostprocessing = 0;
			shellPath = /bin/sh;
			shellScript = "\"${SRCROOT}/Pods/Target Support Files/Pods-CNode/Pods-CNode-frameworks.sh\"\n";
			showEnvVarsInLog = 0;
		};
		2600F9CA7E52214350B81688 /* [CP] Check Pods Manifest.lock */ = {
			isa = PBXShellScriptBuildPhase;
			buildActionMask = 2147483647;
			files = (
			);
			inputPaths = (
			);
			name = "[CP] Check Pods Manifest.lock";
			outputPaths = (
			);
			runOnlyForDeploymentPostprocessing = 0;
			shellPath = /bin/sh;
			shellScript = "diff \"${PODS_ROOT}/../Podfile.lock\" \"${PODS_ROOT}/Manifest.lock\" > /dev/null\nif [ $? != 0 ] ; then\n    # print error to STDERR\n    echo \"error: The sandbox is not in sync with the Podfile.lock. Run 'pod install' or update your CocoaPods installation.\" >&2\n    exit 1\nfi\n";
			showEnvVarsInLog = 0;
		};
		3F99622D65F045F73C6529E4 /* [CP] Copy Pods Resources */ = {
			isa = PBXShellScriptBuildPhase;
			buildActionMask = 2147483647;
			files = (
			);
			inputPaths = (
			);
			name = "[CP] Copy Pods Resources";
			outputPaths = (
			);
			runOnlyForDeploymentPostprocessing = 0;
			shellPath = /bin/sh;
			shellScript = "\"${SRCROOT}/Pods/Target Support Files/Pods-CNodeUITests/Pods-CNodeUITests-resources.sh\"\n";
			showEnvVarsInLog = 0;
		};
		591E143847C1840ACF4CA13E /* [CP] Copy Pods Resources */ = {
			isa = PBXShellScriptBuildPhase;
			buildActionMask = 2147483647;
			files = (
			);
			inputPaths = (
			);
			name = "[CP] Copy Pods Resources";
			outputPaths = (
			);
			runOnlyForDeploymentPostprocessing = 0;
			shellPath = /bin/sh;
			shellScript = "\"${SRCROOT}/Pods/Target Support Files/Pods-CNodeTests/Pods-CNodeTests-resources.sh\"\n";
			showEnvVarsInLog = 0;
		};
		6E7950C315F3C4926B0ABDB7 /* [CP] Embed Pods Frameworks */ = {
			isa = PBXShellScriptBuildPhase;
			buildActionMask = 2147483647;
			files = (
			);
			inputPaths = (
			);
			name = "[CP] Embed Pods Frameworks";
			outputPaths = (
			);
			runOnlyForDeploymentPostprocessing = 0;
			shellPath = /bin/sh;
			shellScript = "\"${SRCROOT}/Pods/Target Support Files/Pods-CNodeTests/Pods-CNodeTests-frameworks.sh\"\n";
			showEnvVarsInLog = 0;
		};
		A1297A39B2D4B7AF6B96E676 /* [CP] Copy Pods Resources */ = {
			isa = PBXShellScriptBuildPhase;
			buildActionMask = 2147483647;
			files = (
			);
			inputPaths = (
			);
			name = "[CP] Copy Pods Resources";
			outputPaths = (
			);
			runOnlyForDeploymentPostprocessing = 0;
			shellPath = /bin/sh;
			shellScript = "\"${SRCROOT}/Pods/Target Support Files/Pods-CNode/Pods-CNode-resources.sh\"\n";
			showEnvVarsInLog = 0;
		};
		AE433521C3535990CB9FB835 /* [CP] Check Pods Manifest.lock */ = {
			isa = PBXShellScriptBuildPhase;
			buildActionMask = 2147483647;
			files = (
			);
			inputPaths = (
			);
			name = "[CP] Check Pods Manifest.lock";
			outputPaths = (
			);
			runOnlyForDeploymentPostprocessing = 0;
			shellPath = /bin/sh;
			shellScript = "diff \"${PODS_ROOT}/../Podfile.lock\" \"${PODS_ROOT}/Manifest.lock\" > /dev/null\nif [ $? != 0 ] ; then\n    # print error to STDERR\n    echo \"error: The sandbox is not in sync with the Podfile.lock. Run 'pod install' or update your CocoaPods installation.\" >&2\n    exit 1\nfi\n";
			showEnvVarsInLog = 0;
		};
		E0AE39C322A489D9B1DB0FB8 /* [CP] Embed Pods Frameworks */ = {
			isa = PBXShellScriptBuildPhase;
			buildActionMask = 2147483647;
			files = (
			);
			inputPaths = (
			);
			name = "[CP] Embed Pods Frameworks";
			outputPaths = (
			);
			runOnlyForDeploymentPostprocessing = 0;
			shellPath = /bin/sh;
			shellScript = "\"${SRCROOT}/Pods/Target Support Files/Pods-CNodeUITests/Pods-CNodeUITests-frameworks.sh\"\n";
			showEnvVarsInLog = 0;
		};
/* End PBXShellScriptBuildPhase section */

/* Begin PBXSourcesBuildPhase section */
		FD7452CA1E954399000B093E /* Sources */ = {
			isa = PBXSourcesBuildPhase;
			buildActionMask = 2147483647;
			files = (
				FD74541A1E96920B000B093E /* MainNavigationViewController.swift in Sources */,
				FD7454161E9667B8000B093E /* ArticleShort.swift in Sources */,
				FD7452D41E954399000B093E /* MainViewController.swift in Sources */,
				FD74541C1E969530000B093E /* MainTableViewController.swift in Sources */,
				FD7452D21E954399000B093E /* AppDelegate.swift in Sources */,
			);
			runOnlyForDeploymentPostprocessing = 0;
		};
		FD7452DE1E954399000B093E /* Sources */ = {
			isa = PBXSourcesBuildPhase;
			buildActionMask = 2147483647;
			files = (
				FD7452E71E954399000B093E /* CNodeTests.swift in Sources */,
			);
			runOnlyForDeploymentPostprocessing = 0;
		};
		FD7452E91E954399000B093E /* Sources */ = {
			isa = PBXSourcesBuildPhase;
			buildActionMask = 2147483647;
			files = (
				FD7452F21E954399000B093E /* CNodeUITests.swift in Sources */,
			);
			runOnlyForDeploymentPostprocessing = 0;
		};
/* End PBXSourcesBuildPhase section */

/* Begin PBXTargetDependency section */
		FD7452E41E954399000B093E /* PBXTargetDependency */ = {
			isa = PBXTargetDependency;
			target = FD7452CD1E954399000B093E /* CNode */;
			targetProxy = FD7452E31E954399000B093E /* PBXContainerItemProxy */;
		};
		FD7452EF1E954399000B093E /* PBXTargetDependency */ = {
			isa = PBXTargetDependency;
			target = FD7452CD1E954399000B093E /* CNode */;
			targetProxy = FD7452EE1E954399000B093E /* PBXContainerItemProxy */;
		};
/* End PBXTargetDependency section */

/* Begin PBXVariantGroup section */
		FD7452D51E954399000B093E /* MainView.storyboard */ = {
			isa = PBXVariantGroup;
			children = (
				FD7452D61E954399000B093E /* Base */,
			);
			name = MainView.storyboard;
			sourceTree = "<group>";
		};
		FD7452DA1E954399000B093E /* LaunchScreen.storyboard */ = {
			isa = PBXVariantGroup;
			children = (
				FD7452DB1E954399000B093E /* Base */,
			);
			name = LaunchScreen.storyboard;
			sourceTree = "<group>";
		};
/* End PBXVariantGroup section */

/* Begin XCBuildConfiguration section */
		FD7452F41E954399000B093E /* Debug */ = {
			isa = XCBuildConfiguration;
			buildSettings = {
				ALWAYS_SEARCH_USER_PATHS = NO;
				CLANG_ANALYZER_NONNULL = YES;
				CLANG_ANALYZER_NUMBER_OBJECT_CONVERSION = YES_AGGRESSIVE;
				CLANG_CXX_LANGUAGE_STANDARD = "gnu++0x";
				CLANG_CXX_LIBRARY = "libc++";
				CLANG_ENABLE_MODULES = YES;
				CLANG_ENABLE_OBJC_ARC = YES;
				CLANG_WARN_BOOL_CONVERSION = YES;
				CLANG_WARN_CONSTANT_CONVERSION = YES;
				CLANG_WARN_DIRECT_OBJC_ISA_USAGE = YES_ERROR;
				CLANG_WARN_DOCUMENTATION_COMMENTS = YES;
				CLANG_WARN_EMPTY_BODY = YES;
				CLANG_WARN_ENUM_CONVERSION = YES;
				CLANG_WARN_INFINITE_RECURSION = YES;
				CLANG_WARN_INT_CONVERSION = YES;
				CLANG_WARN_OBJC_ROOT_CLASS = YES_ERROR;
				CLANG_WARN_SUSPICIOUS_MOVE = YES;
				CLANG_WARN_UNREACHABLE_CODE = YES;
				CLANG_WARN__DUPLICATE_METHOD_MATCH = YES;
				"CODE_SIGN_IDENTITY[sdk=iphoneos*]" = "iPhone Developer";
				COPY_PHASE_STRIP = NO;
				DEBUG_INFORMATION_FORMAT = dwarf;
				ENABLE_STRICT_OBJC_MSGSEND = YES;
				ENABLE_TESTABILITY = YES;
				GCC_C_LANGUAGE_STANDARD = gnu99;
				GCC_DYNAMIC_NO_PIC = NO;
				GCC_NO_COMMON_BLOCKS = YES;
				GCC_OPTIMIZATION_LEVEL = 0;
				GCC_PREPROCESSOR_DEFINITIONS = (
					"DEBUG=1",
					"$(inherited)",
				);
				GCC_WARN_64_TO_32_BIT_CONVERSION = YES;
				GCC_WARN_ABOUT_RETURN_TYPE = YES_ERROR;
				GCC_WARN_UNDECLARED_SELECTOR = YES;
				GCC_WARN_UNINITIALIZED_AUTOS = YES_AGGRESSIVE;
				GCC_WARN_UNUSED_FUNCTION = YES;
				GCC_WARN_UNUSED_VARIABLE = YES;
				IPHONEOS_DEPLOYMENT_TARGET = 10.3;
				MTL_ENABLE_DEBUG_INFO = YES;
				ONLY_ACTIVE_ARCH = YES;
				SDKROOT = iphoneos;
				SWIFT_ACTIVE_COMPILATION_CONDITIONS = DEBUG;
				SWIFT_OPTIMIZATION_LEVEL = "-Onone";
				TARGETED_DEVICE_FAMILY = "1,2";
			};
			name = Debug;
		};
		FD7452F51E954399000B093E /* Release */ = {
			isa = XCBuildConfiguration;
			buildSettings = {
				ALWAYS_SEARCH_USER_PATHS = NO;
				CLANG_ANALYZER_NONNULL = YES;
				CLANG_ANALYZER_NUMBER_OBJECT_CONVERSION = YES_AGGRESSIVE;
				CLANG_CXX_LANGUAGE_STANDARD = "gnu++0x";
				CLANG_CXX_LIBRARY = "libc++";
				CLANG_ENABLE_MODULES = YES;
				CLANG_ENABLE_OBJC_ARC = YES;
				CLANG_WARN_BOOL_CONVERSION = YES;
				CLANG_WARN_CONSTANT_CONVERSION = YES;
				CLANG_WARN_DIRECT_OBJC_ISA_USAGE = YES_ERROR;
				CLANG_WARN_DOCUMENTATION_COMMENTS = YES;
				CLANG_WARN_EMPTY_BODY = YES;
				CLANG_WARN_ENUM_CONVERSION = YES;
				CLANG_WARN_INFINITE_RECURSION = YES;
				CLANG_WARN_INT_CONVERSION = YES;
				CLANG_WARN_OBJC_ROOT_CLASS = YES_ERROR;
				CLANG_WARN_SUSPICIOUS_MOVE = YES;
				CLANG_WARN_UNREACHABLE_CODE = YES;
				CLANG_WARN__DUPLICATE_METHOD_MATCH = YES;
				"CODE_SIGN_IDENTITY[sdk=iphoneos*]" = "iPhone Developer";
				COPY_PHASE_STRIP = NO;
				DEBUG_INFORMATION_FORMAT = "dwarf-with-dsym";
				ENABLE_NS_ASSERTIONS = NO;
				ENABLE_STRICT_OBJC_MSGSEND = YES;
				GCC_C_LANGUAGE_STANDARD = gnu99;
				GCC_NO_COMMON_BLOCKS = YES;
				GCC_WARN_64_TO_32_BIT_CONVERSION = YES;
				GCC_WARN_ABOUT_RETURN_TYPE = YES_ERROR;
				GCC_WARN_UNDECLARED_SELECTOR = YES;
				GCC_WARN_UNINITIALIZED_AUTOS = YES_AGGRESSIVE;
				GCC_WARN_UNUSED_FUNCTION = YES;
				GCC_WARN_UNUSED_VARIABLE = YES;
				IPHONEOS_DEPLOYMENT_TARGET = 10.3;
				MTL_ENABLE_DEBUG_INFO = NO;
				SDKROOT = iphoneos;
				SWIFT_OPTIMIZATION_LEVEL = "-Owholemodule";
				TARGETED_DEVICE_FAMILY = "1,2";
				VALIDATE_PRODUCT = YES;
			};
			name = Release;
		};
		FD7452F71E954399000B093E /* Debug */ = {
			isa = XCBuildConfiguration;
			baseConfigurationReference = 4AFA97FF5DFA5F39E9D77B90 /* Pods-CNode.debug.xcconfig */;
			buildSettings = {
				ASSETCATALOG_COMPILER_APPICON_NAME = AppIcon;
				DEVELOPMENT_TEAM = 7U457LB8E7;
				INFOPLIST_FILE = CNode/Info.plist;
				LD_RUNPATH_SEARCH_PATHS = "$(inherited) @executable_path/Frameworks";
				PRODUCT_BUNDLE_IDENTIFIER = fanhehe.CNode;
				PRODUCT_NAME = "$(TARGET_NAME)";
				SWIFT_VERSION = 3.0;
			};
			name = Debug;
		};
		FD7452F81E954399000B093E /* Release */ = {
			isa = XCBuildConfiguration;
			baseConfigurationReference = CA5FEAF8CD4B4D7D74659D61 /* Pods-CNode.release.xcconfig */;
			buildSettings = {
				ASSETCATALOG_COMPILER_APPICON_NAME = AppIcon;
				DEVELOPMENT_TEAM = 7U457LB8E7;
				INFOPLIST_FILE = CNode/Info.plist;
				LD_RUNPATH_SEARCH_PATHS = "$(inherited) @executable_path/Frameworks";
				PRODUCT_BUNDLE_IDENTIFIER = fanhehe.CNode;
				PRODUCT_NAME = "$(TARGET_NAME)";
				SWIFT_VERSION = 3.0;
			};
			name = Release;
		};
		FD7452FA1E954399000B093E /* Debug */ = {
			isa = XCBuildConfiguration;
			baseConfigurationReference = 9FC62496BCEF09C19432B972 /* Pods-CNodeTests.debug.xcconfig */;
			buildSettings = {
				ALWAYS_EMBED_SWIFT_STANDARD_LIBRARIES = YES;
				BUNDLE_LOADER = "$(TEST_HOST)";
				DEVELOPMENT_TEAM = 7U457LB8E7;
				INFOPLIST_FILE = CNodeTests/Info.plist;
				LD_RUNPATH_SEARCH_PATHS = "$(inherited) @executable_path/Frameworks @loader_path/Frameworks";
				PRODUCT_BUNDLE_IDENTIFIER = fanhehe.CNodeTests;
				PRODUCT_NAME = "$(TARGET_NAME)";
				SWIFT_VERSION = 3.0;
				TEST_HOST = "$(BUILT_PRODUCTS_DIR)/CNode.app/CNode";
			};
			name = Debug;
		};
		FD7452FB1E954399000B093E /* Release */ = {
			isa = XCBuildConfiguration;
			baseConfigurationReference = B71A496FBF67D2D63E7EB1B2 /* Pods-CNodeTests.release.xcconfig */;
			buildSettings = {
				ALWAYS_EMBED_SWIFT_STANDARD_LIBRARIES = YES;
				BUNDLE_LOADER = "$(TEST_HOST)";
				DEVELOPMENT_TEAM = 7U457LB8E7;
				INFOPLIST_FILE = CNodeTests/Info.plist;
				LD_RUNPATH_SEARCH_PATHS = "$(inherited) @executable_path/Frameworks @loader_path/Frameworks";
				PRODUCT_BUNDLE_IDENTIFIER = fanhehe.CNodeTests;
				PRODUCT_NAME = "$(TARGET_NAME)";
				SWIFT_VERSION = 3.0;
				TEST_HOST = "$(BUILT_PRODUCTS_DIR)/CNode.app/CNode";
			};
			name = Release;
		};
		FD7452FD1E954399000B093E /* Debug */ = {
			isa = XCBuildConfiguration;
			baseConfigurationReference = 257A4A2713CAFF3729B574DE /* Pods-CNodeUITests.debug.xcconfig */;
			buildSettings = {
				ALWAYS_EMBED_SWIFT_STANDARD_LIBRARIES = YES;
				DEVELOPMENT_TEAM = 7U457LB8E7;
				INFOPLIST_FILE = CNodeUITests/Info.plist;
				LD_RUNPATH_SEARCH_PATHS = "$(inherited) @executable_path/Frameworks @loader_path/Frameworks";
				PRODUCT_BUNDLE_IDENTIFIER = fanhehe.CNodeUITests;
				PRODUCT_NAME = "$(TARGET_NAME)";
				SWIFT_VERSION = 3.0;
				TEST_TARGET_NAME = CNode;
			};
			name = Debug;
		};
		FD7452FE1E954399000B093E /* Release */ = {
			isa = XCBuildConfiguration;
			baseConfigurationReference = 1F7DA915F86FA85CEAD87186 /* Pods-CNodeUITests.release.xcconfig */;
			buildSettings = {
				ALWAYS_EMBED_SWIFT_STANDARD_LIBRARIES = YES;
				DEVELOPMENT_TEAM = 7U457LB8E7;
				INFOPLIST_FILE = CNodeUITests/Info.plist;
				LD_RUNPATH_SEARCH_PATHS = "$(inherited) @executable_path/Frameworks @loader_path/Frameworks";
				PRODUCT_BUNDLE_IDENTIFIER = fanhehe.CNodeUITests;
				PRODUCT_NAME = "$(TARGET_NAME)";
				SWIFT_VERSION = 3.0;
				TEST_TARGET_NAME = CNode;
			};
			name = Release;
		};
/* End XCBuildConfiguration section */

/* Begin XCConfigurationList section */
		FD7452C91E954399000B093E /* Build configuration list for PBXProject "CNode" */ = {
			isa = XCConfigurationList;
			buildConfigurations = (
				FD7452F41E954399000B093E /* Debug */,
				FD7452F51E954399000B093E /* Release */,
			);
			defaultConfigurationIsVisible = 0;
			defaultConfigurationName = Release;
		};
		FD7452F61E954399000B093E /* Build configuration list for PBXNativeTarget "CNode" */ = {
			isa = XCConfigurationList;
			buildConfigurations = (
				FD7452F71E954399000B093E /* Debug */,
				FD7452F81E954399000B093E /* Release */,
			);
			defaultConfigurationIsVisible = 0;
			defaultConfigurationName = Release;
		};
		FD7452F91E954399000B093E /* Build configuration list for PBXNativeTarget "CNodeTests" */ = {
			isa = XCConfigurationList;
			buildConfigurations = (
				FD7452FA1E954399000B093E /* Debug */,
				FD7452FB1E954399000B093E /* Release */,
			);
			defaultConfigurationIsVisible = 0;
			defaultConfigurationName = Release;
		};
		FD7452FC1E954399000B093E /* Build configuration list for PBXNativeTarget "CNodeUITests" */ = {
			isa = XCConfigurationList;
			buildConfigurations = (
				FD7452FD1E954399000B093E /* Debug */,
				FD7452FE1E954399000B093E /* Release */,
			);
			defaultConfigurationIsVisible = 0;
			defaultConfigurationName = Release;
		};
/* End XCConfigurationList section */
	};
	rootObject = FD7452C61E954399000B093E /* Project object */;
}
